
Microsoft Visual Studio Solution File, Format Version 12.00
# Visual Studio Version 17
VisualStudioVersion = 17.2.32516.85
MinimumVisualStudioVersion = 10.0.40219.1
Project("{FAE04EC0-301F-11D3-BF4B-00C04F79EFBC}") = "BankAccount", "BankAccount\BankAccount.csproj", "{5E854378-7898-4747-8C5F-30DC9CB516F5}"
EndProject
Global
	GlobalSection(SolutionConfigurationPlatforms) = preSolution
		Debug|Any CPU = Debug|Any CPU
		Release|Any CPU = Release|Any CPU
	EndGlobalSection
	GlobalSection(ProjectConfigurationPlatforms) = postSolution
		{5E854378-7898-4747-8C5F-30DC9CB516F5}.Debug|Any CPU.ActiveCfg = Debug|Any CPU
		{5E854378-7898-4747-8C5F-30DC9CB516F5}.Debug|Any CPU.Build.0 = Debug|Any CPU
		{5E854378-7898-4747-8C5F-30DC9CB516F5}.Release|Any CPU.ActiveCfg = Release|Any CPU
		{5E854378-7898-4747-8C5F-30DC9CB516F5}.Release|Any CPU.Build.0 = Release|Any CPU
	EndGlobalSection
	GlobalSection(SolutionProperties) = preSolution
		HideSolutionNode = FALSE
	EndGlobalSection
	GlobalSection(ExtensibilityGlobals) = postSolution
		SolutionGuid = {9A71BEB9-957A-407B-A61E-E292F20E34BF}
	EndGlobalSection
EndGlobal
